
Microsoft Visual Studio Solution File, Format Version 12.00
# Visual Studio 15
VisualStudioVersion = 15.0.27130.2027
MinimumVisualStudioVersion = 10.0.40219.1
Project("{FAE04EC0-301F-11D3-BF4B-00C04F79EFBC}") = "PL", "Final_Project\PL.csproj", "{947383E4-475E-4065-9B6C-BDBFAE6D1736}"
EndProject
Project("{FAE04EC0-301F-11D3-BF4B-00C04F79EFBC}") = "DAL", "DAL\DAL.csproj", "{FEFD1154-8709-4B0A-99C5-66393D972EAA}"
EndProject
Project("{FAE04EC0-301F-11D3-BF4B-00C04F79EFBC}") = "BLL", "BLL\BLL.csproj", "{1420F446-F24D-48F6-ACA6-38D918436391}"
EndProject
Global
	GlobalSection(SolutionConfigurationPlatforms) = preSolution
		Debug|Any CPU = Debug|Any CPU
		Release|Any CPU = Release|Any CPU
	EndGlobalSection
	GlobalSection(ProjectConfigurationPlatforms) = postSolution
		{947383E4-475E-4065-9B6C-BDBFAE6D1736}.Debug|Any CPU.ActiveCfg = Debug|Any CPU
		{947383E4-475E-4065-9B6C-BDBFAE6D1736}.Debug|Any CPU.Build.0 = Debug|Any CPU
		{947383E4-475E-4065-9B6C-BDBFAE6D1736}.Release|Any CPU.ActiveCfg = Release|Any CPU
		{947383E4-475E-4065-9B6C-BDBFAE6D1736}.Release|Any CPU.Build.0 = Release|Any CPU
		{FEFD1154-8709-4B0A-99C5-66393D972EAA}.Debug|Any CPU.ActiveCfg = Debug|Any CPU
		{FEFD1154-8709-4B0A-99C5-66393D972EAA}.Debug|Any CPU.Build.0 = Debug|Any CPU
		{FEFD1154-8709-4B0A-99C5-66393D972EAA}.Release|Any CPU.ActiveCfg = Release|Any CPU
		{FEFD1154-8709-4B0A-99C5-66393D972EAA}.Release|Any CPU.Build.0 = Release|Any CPU
		{1420F446-F24D-48F6-ACA6-38D918436391}.Debug|Any CPU.ActiveCfg = Debug|Any CPU
		{1420F446-F24D-48F6-ACA6-38D918436391}.Debug|Any CPU.Build.0 = Debug|Any CPU
		{1420F446-F24D-48F6-ACA6-38D918436391}.Release|Any CPU.ActiveCfg = Release|Any CPU
		{1420F446-F24D-48F6-ACA6-38D918436391}.Release|Any CPU.Build.0 = Release|Any CPU
	EndGlobalSection
	GlobalSection(SolutionProperties) = preSolution
		HideSolutionNode = FALSE
	EndGlobalSection
	GlobalSection(ExtensibilityGlobals) = postSolution
		SolutionGuid = {64D6DEDC-A045-472F-8A78-FDC581066F17}
	EndGlobalSection
EndGlobal
